
Microsoft Visual Studio Solution File, Format Version 12.00
# Visual Studio Version 16
VisualStudioVersion = 16.0.31005.135
MinimumVisualStudioVersion = 10.0.40219.1
Project("{9A19103F-16F7-4668-BE54-9A1E7A4F7556}") = "SerieIISistemaEmpleados", "SerieIISistemaEmpleados\SerieIISistemaEmpleados.csproj", "{736EB120-CED5-4343-BF50-976D1574D0A2}"
EndProject
Global
	GlobalSection(SolutionConfigurationPlatforms) = preSolution
		Debug|Any CPU = Debug|Any CPU
		Release|Any CPU = Release|Any CPU
	EndGlobalSection
	GlobalSection(ProjectConfigurationPlatforms) = postSolution
		{736EB120-CED5-4343-BF50-976D1574D0A2}.Debug|Any CPU.ActiveCfg = Debug|Any CPU
		{736EB120-CED5-4343-BF50-976D1574D0A2}.Debug|Any CPU.Build.0 = Debug|Any CPU
		{736EB120-CED5-4343-BF50-976D1574D0A2}.Release|Any CPU.ActiveCfg = Release|Any CPU
		{736EB120-CED5-4343-BF50-976D1574D0A2}.Release|Any CPU.Build.0 = Release|Any CPU
	EndGlobalSection
	GlobalSection(SolutionProperties) = preSolution
		HideSolutionNode = FALSE
	EndGlobalSection
	GlobalSection(ExtensibilityGlobals) = postSolution
		SolutionGuid = {DB897B33-02F8-439C-85C1-BA96F6378DAF}
	EndGlobalSection
EndGlobal
